# This file is automatically @generated by Poetry 1.4.0 and should not be changed by hand.

[[package]]
name = "annotated-types"
version = "0.6.0"
description = "Reusable constraint types to use with typing.Annotated"
category = "main"
optional = false
python-versions = ">=3.8"
files = [
    {file = "annotated_types-0.6.0-py3-none-any.whl", hash = "sha256:0641064de18ba7a25dee8f96403ebc39113d0cb953a01429249d5c7564666a43"},
    {file = "annotated_types-0.6.0.tar.gz", hash = "sha256:563339e807e53ffd9c267e99fc6d9ea23eb8443c08f112651963e24e22f84a5d"},
]

[package.dependencies]
typing-extensions = {version = ">=4.0.0", markers = "python_version < \"3.9\""}

[[package]]
name = "anyio"
version = "3.7.1"
description = "High level compatibility layer for multiple asynchronous event loop implementations"
category = "main"
optional = false
python-versions = ">=3.7"
files = [
    {file = "anyio-3.7.1-py3-none-any.whl", hash = "sha256:91dee416e570e92c64041bd18b900d1d6fa78dff7048769ce5ac5ddad004fbb5"},
    {file = "anyio-3.7.1.tar.gz", hash = "sha256:44a3c9aba0f5defa43261a8b3efb97891f2bd7d804e0e1f56419befa1adfc780"},
]

[package.dependencies]
exceptiongroup = {version = "*", markers = "python_version < \"3.11\""}
idna = ">=2.8"
sniffio = ">=1.1"

[package.extras]
doc = ["Sphinx", "packaging", "sphinx-autodoc-typehints (>=1.2.0)", "sphinx-rtd-theme (>=1.2.2)", "sphinxcontrib-jquery"]
test = ["anyio[trio]", "coverage[toml] (>=4.5)", "hypothesis (>=4.0)", "mock (>=4)", "psutil (>=5.9)", "pytest (>=7.0)", "pytest-mock (>=3.6.1)", "trustme", "uvloop (>=0.17)"]
trio = ["trio (<0.22)"]

[[package]]
name = "click"
version = "7.1.2"
description = "Composable command line interface toolkit"
category = "main"
optional = false
python-versions = ">=2.7, !=3.0.*, !=3.1.*, !=3.2.*, !=3.3.*, !=3.4.*"
files = [
    {file = "click-7.1.2-py2.py3-none-any.whl", hash = "sha256:dacca89f4bfadd5de3d7489b7c8a566eee0d3676333fbb50030263894c38c0dc"},
    {file = "click-7.1.2.tar.gz", hash = "sha256:d2b5255c7c6349bc1bd1e59e08cd12acbbd63ce649f2588755783aa94dfb6b1a"},
]

[[package]]
name = "dnspython"
version = "2.4.2"
description = "DNS toolkit"
category = "main"
optional = false
python-versions = ">=3.8,<4.0"
files = [
    {file = "dnspython-2.4.2-py3-none-any.whl", hash = "sha256:57c6fbaaeaaf39c891292012060beb141791735dbb4004798328fc2c467402d8"},
    {file = "dnspython-2.4.2.tar.gz", hash = "sha256:8dcfae8c7460a2f84b4072e26f1c9f4101ca20c071649cb7c34e8b6a93d58984"},
]

[package.extras]
dnssec = ["cryptography (>=2.6,<42.0)"]
doh = ["h2 (>=4.1.0)", "httpcore (>=0.17.3)", "httpx (>=0.24.1)"]
doq = ["aioquic (>=0.9.20)"]
idna = ["idna (>=2.1,<4.0)"]
trio = ["trio (>=0.14,<0.23)"]
wmi = ["wmi (>=1.5.1,<2.0.0)"]

[[package]]
name = "email-validator"
version = "2.1.0.post1"
description = "A robust email address syntax and deliverability validation library."
category = "main"
optional = false
python-versions = ">=3.8"
files = [
    {file = "email_validator-2.1.0.post1-py3-none-any.whl", hash = "sha256:c973053efbeddfef924dc0bd93f6e77a1ea7ee0fce935aea7103c7a3d6d2d637"},
    {file = "email_validator-2.1.0.post1.tar.gz", hash = "sha256:a4b0bd1cf55f073b924258d19321b1f3aa74b4b5a71a42c305575dba920e1a44"},
]

[package.dependencies]
dnspython = ">=2.0.0"
idna = ">=2.0.0"

[[package]]
name = "exceptiongroup"
version = "1.2.0"
description = "Backport of PEP 654 (exception groups)"
category = "main"
optional = false
python-versions = ">=3.7"
files = [
    {file = "exceptiongroup-1.2.0-py3-none-any.whl", hash = "sha256:4bfd3996ac73b41e9b9628b04e079f193850720ea5945fc96a08633c66912f14"},
    {file = "exceptiongroup-1.2.0.tar.gz", hash = "sha256:91f5c769735f051a4290d52edd0858999b57e5876e9f85937691bd4c9fa3ed68"},
]

[package.extras]
test = ["pytest (>=6)"]

[[package]]
name = "fastapi"
version = "0.104.1"
description = "FastAPI framework, high performance, easy to learn, fast to code, ready for production"
category = "main"
optional = false
python-versions = ">=3.8"
files = [
    {file = "fastapi-0.104.1-py3-none-any.whl", hash = "sha256:752dc31160cdbd0436bb93bad51560b57e525cbb1d4bbf6f4904ceee75548241"},
    {file = "fastapi-0.104.1.tar.gz", hash = "sha256:e5e4540a7c5e1dcfbbcf5b903c234feddcdcd881f191977a1c5dfd917487e7ae"},
]

[package.dependencies]
anyio = ">=3.7.1,<4.0.0"
pydantic = ">=1.7.4,<1.8 || >1.8,<1.8.1 || >1.8.1,<2.0.0 || >2.0.0,<2.0.1 || >2.0.1,<2.1.0 || >2.1.0,<3.0.0"
starlette = ">=0.27.0,<0.28.0"
typing-extensions = ">=4.8.0"

[package.extras]
all = ["email-validator (>=2.0.0)", "httpx (>=0.23.0)", "itsdangerous (>=1.1.0)", "jinja2 (>=2.11.2)", "orjson (>=3.2.1)", "pydantic-extra-types (>=2.0.0)", "pydantic-settings (>=2.0.0)", "python-multipart (>=0.0.5)", "pyyaml (>=5.3.1)", "ujson (>=4.0.1,!=4.0.2,!=4.1.0,!=4.2.0,!=4.3.0,!=5.0.0,!=5.1.0)", "uvicorn[standard] (>=0.12.0)"]

[[package]]
name = "h11"
version = "0.9.0"
description = "A pure-Python, bring-your-own-I/O implementation of HTTP/1.1"
category = "main"
optional = false
python-versions = "*"
files = [
    {file = "h11-0.9.0-py2.py3-none-any.whl", hash = "sha256:4bc6d6a1238b7615b266ada57e0618568066f57dd6fa967d1290ec9309b2f2f1"},
    {file = "h11-0.9.0.tar.gz", hash = "sha256:33d4bca7be0fa039f4e84d50ab00531047e53d6ee8ffbc83501ea602c169cae1"},
]

[[package]]
name = "httptools"
version = "0.1.2"
description = "A collection of framework independent HTTP protocol utils."
category = "main"
optional = false
python-versions = "*"
files = [
    {file = "httptools-0.1.2-cp35-cp35m-macosx_10_14_x86_64.whl", hash = "sha256:1e35aa179b67086cc600a984924a88589b90793c9c1b260152ca4908786e09df"},
    {file = "httptools-0.1.2-cp35-cp35m-manylinux1_x86_64.whl", hash = "sha256:c4111a0a8a00eff1e495d43ea5230aaf64968a48ddba8ea2d5f982efae827404"},
    {file = "httptools-0.1.2-cp36-cp36m-macosx_10_14_x86_64.whl", hash = "sha256:dce59ee45dd6ee6c434346a5ac527c44014326f560866b4b2f414a692ee1aca8"},
    {file = "httptools-0.1.2-cp36-cp36m-manylinux1_x86_64.whl", hash = "sha256:f759717ca1b2ef498c67ba4169c2b33eecf943a89f5329abcff8b89d153eb500"},
    {file = "httptools-0.1.2-cp36-cp36m-win_amd64.whl", hash = "sha256:08b79e09114e6ab5c3dbf560bba2cb2257ea38cdaeaf99b7cb80d8f92622fcd9"},
    {file = "httptools-0.1.2-cp37-cp37m-macosx_10_14_x86_64.whl", hash = "sha256:8fcca4b7efe353b13a24017211334c57d055a6e132c7adffed13a10d28efca57"},
    {file = "httptools-0.1.2-cp37-cp37m-manylinux1_x86_64.whl", hash = "sha256:aebdf0bd7bf7c90ae6b3be458692bf6e9e5b610b501f9f74c7979015a51db4c4"},
    {file = "httptools-0.1.2-cp37-cp37m-win_amd64.whl", hash = "sha256:fbf7ecd31c39728f251b1c095fd27c84e4d21f60a1d079a0333472ff3ae59d34"},
    {file = "httptools-0.1.2-cp38-cp38-macosx_10_14_x86_64.whl", hash = "sha256:c1c63d860749841024951b0a78e4dec6f543d23751ef061d6ab60064c7b8b524"},
    {file = "httptools-0.1.2-cp38-cp38-manylinux1_x86_64.whl", hash = "sha256:fb7199b8fb0c50a22e77260bb59017e0c075fa80cb03bb2c8692de76e7bb7fe7"},
    {file = "httptools-0.1.2-cp38-cp38-win_amd64.whl", hash = "sha256:bda99a5723e7eab355ce57435c70853fc137a65aebf2f1cd4d15d96e2956da7b"},
    {file = "httptools-0.1.2-cp39-cp39-macosx_10_14_x86_64.whl", hash = "sha256:851026bd63ec0af7e7592890d97d15c92b62d9e17094353f19a52c8e2b33710a"},
    {file = "httptools-0.1.2-cp39-cp39-manylinux1_x86_64.whl", hash = "sha256:31629e1f1b89959f8c0927bad12184dc07977dcf71e24f4772934aa490aa199b"},
    {file = "httptools-0.1.2-cp39-cp39-win_amd64.whl", hash = "sha256:9abd788465aa46a0f288bd3a99e53edd184177d6379e2098fd6097bb359ad9d6"},
    {file = "httptools-0.1.2.tar.gz", hash = "sha256:07659649fe6b3948b6490825f89abe5eb1cec79ebfaaa0b4bf30f3f33f3c2ba8"},
]

[package.extras]
test = ["Cython (==0.29.22)"]

[[package]]
name = "idna"
version = "3.6"
description = "Internationalized Domain Names in Applications (IDNA)"
category = "main"
optional = false
python-versions = ">=3.5"
files = [
    {file = "idna-3.6-py3-none-any.whl", hash = "sha256:c05567e9c24a6b9faaa835c4821bad0590fbb9d5779e7caa6e1cc4978e7eb24f"},
    {file = "idna-3.6.tar.gz", hash = "sha256:9ecdbbd083b06798ae1e86adcbfe8ab1479cf864e4ee30fe4e46a003d12491ca"},
]

[[package]]
name = "pydantic"
version = "2.5.2"
description = "Data validation using Python type hints"
category = "main"
optional = false
python-versions = ">=3.7"
files = [
    {file = "pydantic-2.5.2-py3-none-any.whl", hash = "sha256:80c50fb8e3dcecfddae1adbcc00ec5822918490c99ab31f6cf6140ca1c1429f0"},
    {file = "pydantic-2.5.2.tar.gz", hash = "sha256:ff177ba64c6faf73d7afa2e8cad38fd456c0dbe01c9954e71038001cd15a6edd"},
]

[package.dependencies]
annotated-types = ">=0.4.0"
email-validator = {version = ">=2.0.0", optional = true, markers = "extra == \"email\""}
pydantic-core = "2.14.5"
typing-extensions = ">=4.6.1"

[package.extras]
email = ["email-validator (>=2.0.0)"]

[[package]]
name = "pydantic-core"
version = "2.14.5"
description = ""
category = "main"
optional = false
python-versions = ">=3.7"
files = [
    {file = "pydantic_core-2.14.5-cp310-cp310-macosx_10_7_x86_64.whl", hash = "sha256:7e88f5696153dc516ba6e79f82cc4747e87027205f0e02390c21f7cb3bd8abfd"},
    {file = "pydantic_core-2.14.5-cp310-cp310-macosx_11_0_arm64.whl", hash = "sha256:4641e8ad4efb697f38a9b64ca0523b557c7931c5f84e0fd377a9a3b05121f0de"},
    {file = "pydantic_core-2.14.5-cp310-cp310-manylinux_2_17_aarch64.manylinux2014_aarch64.whl", hash = "sha256:774de879d212db5ce02dfbf5b0da9a0ea386aeba12b0b95674a4ce0593df3d07"},
    {file = "pydantic_core-2.14.5-cp310-cp310-manylinux_2_17_armv7l.manylinux2014_armv7l.whl", hash = "sha256:ebb4e035e28f49b6f1a7032920bb9a0c064aedbbabe52c543343d39341a5b2a3"},
    {file = "pydantic_core-2.14.5-cp310-cp310-manylinux_2_17_ppc64le.manylinux2014_ppc64le.whl", hash = "sha256:b53e9ad053cd064f7e473a5f29b37fc4cc9dc6d35f341e6afc0155ea257fc911"},
    {file = "pydantic_core-2.14.5-cp310-cp310-manylinux_2_17_s390x.manylinux2014_s390x.whl", hash = "sha256:8aa1768c151cf562a9992462239dfc356b3d1037cc5a3ac829bb7f3bda7cc1f9"},
    {file = "pydantic_core-2.14.5-cp310-cp310-manylinux_2_17_x86_64.manylinux2014_x86_64.whl", hash = "sha256:eac5c82fc632c599f4639a5886f96867ffced74458c7db61bc9a66ccb8ee3113"},
    {file = "pydantic_core-2.14.5-cp310-cp310-manylinux_2_5_i686.manylinux1_i686.whl", hash = "sha256:d2ae91f50ccc5810b2f1b6b858257c9ad2e08da70bf890dee02de1775a387c66"},
    {file = "pydantic_core-2.14.5-cp310-cp310-musllinux_1_1_aarch64.whl", hash = "sha256:6b9ff467ffbab9110e80e8c8de3bcfce8e8b0fd5661ac44a09ae5901668ba997"},
    {file = "pydantic_core-2.14.5-cp310-cp310-musllinux_1_1_x86_64.whl", hash = "sha256:61ea96a78378e3bd5a0be99b0e5ed00057b71f66115f5404d0dae4819f495093"},
    {file = "pydantic_core-2.14.5-cp310-none-win32.whl", hash = "sha256:bb4c2eda937a5e74c38a41b33d8c77220380a388d689bcdb9b187cf6224c9720"},
    {file = "pydantic_core-2.14.5-cp310-none-win_amd64.whl", hash = "sha256:b7851992faf25eac90bfcb7bfd19e1f5ffa00afd57daec8a0042e63c74a4551b"},
    {file = "pydantic_core-2.14.5-cp311-cp311-macosx_10_7_x86_64.whl", hash = "sha256:4e40f2bd0d57dac3feb3a3aed50f17d83436c9e6b09b16af271b6230a2915459"},
    {file = "pydantic_core-2.14.5-cp311-cp311-macosx_11_0_arm64.whl", hash = "sha256:ab1cdb0f14dc161ebc268c09db04d2c9e6f70027f3b42446fa11c153521c0e88"},
    {file = "pydantic_core-2.14.5-cp311-cp311-manylinux_2_17_aarch64.manylinux2014_aarch64.whl", hash = "sha256:aae7ea3a1c5bb40c93cad361b3e869b180ac174656120c42b9fadebf685d121b"},
    {file = "pydantic_core-2.14.5-cp311-cp311-manylinux_2_17_armv7l.manylinux2014_armv7l.whl", hash = "sha256:60b7607753ba62cf0739177913b858140f11b8af72f22860c28eabb2f0a61937"},
    {file = "pydantic_core-2.14.5-cp311-cp311-manylinux_2_17_ppc64le.manylinux2014_ppc64le.whl", hash = "sha256:2248485b0322c75aee7565d95ad0e16f1c67403a470d02f94da7344184be770f"},
    {file = "pydantic_core-2.14.5-cp311-cp311-manylinux_2_17_s390x.manylinux2014_s390x.whl", hash = "sha256:823fcc638f67035137a5cd3f1584a4542d35a951c3cc68c6ead1df7dac825c26"},
    {file = "pydantic_core-2.14.5-cp311-cp311-manylinux_2_17_x86_64.manylinux2014_x86_64.whl", hash = "sha256:96581cfefa9123accc465a5fd0cc833ac4d75d55cc30b633b402e00e7ced00a6"},
    {file = "pydantic_core-2.14.5-cp311-cp311-manylinux_2_5_i686.manylinux1_i686.whl", hash = "sha256:a33324437018bf6ba1bb0f921788788641439e0ed654b233285b9c69704c27b4"},
    {file = "pydantic_core-2.14.5-cp311-cp311-musllinux_1_1_aarch64.whl", hash = "sha256:9bd18fee0923ca10f9a3ff67d4851c9d3e22b7bc63d1eddc12f439f436f2aada"},
    {file = "pydantic_core-2.14.5-cp311-cp311-musllinux_1_1_x86_64.whl", hash = "sha256:853a2295c00f1d4429db4c0fb9475958543ee80cfd310814b5c0ef502de24dda"},
    {file = "pydantic_core-2.14.5-cp311-none-win32.whl", hash = "sha256:cb774298da62aea5c80a89bd58c40205ab4c2abf4834453b5de207d59d2e1651"},
    {file = "pydantic_core-2.14.5-cp311-none-win_amd64.whl", hash = "sha256:e87fc540c6cac7f29ede02e0f989d4233f88ad439c5cdee56f693cc9c1c78077"},
    {file = "pydantic_core-2.14.5-cp311-none-win_arm64.whl", hash = "sha256:57d52fa717ff445cb0a5ab5237db502e6be50809b43a596fb569630c665abddf"},
    {file = "pydantic_core-2.14.5-cp312-cp312-macosx_10_7_x86_64.whl", hash = "sha256:e60f112ac88db9261ad3a52032ea46388378034f3279c643499edb982536a093"},
    {file = "pydantic_core-2.14.5-cp312-cp312-macosx_11_0_arm64.whl", hash = "sha256:6e227c40c02fd873c2a73a98c1280c10315cbebe26734c196ef4514776120aeb"},
    {file = "pydantic_core-2.14.5-cp312-cp312-manylinux_2_17_aarch64.manylinux2014_aarch64.whl", hash = "sha256:f0cbc7fff06a90bbd875cc201f94ef0ee3929dfbd5c55a06674b60857b8b85ed"},
    {file = "pydantic_core-2.14.5-cp312-cp312-manylinux_2_17_armv7l.manylinux2014_armv7l.whl", hash = "sha256:103ef8d5b58596a731b690112819501ba1db7a36f4ee99f7892c40da02c3e189"},
    {file = "pydantic_core-2.14.5-cp312-cp312-manylinux_2_17_ppc64le.manylinux2014_ppc64le.whl", hash = "sha256:c949f04ecad823f81b1ba94e7d189d9dfb81edbb94ed3f8acfce41e682e48cef"},
    {file = "pydantic_core-2.14.5-cp312-cp312-manylinux_2_17_s390x.manylinux2014_s390x.whl", hash = "sha256:c1452a1acdf914d194159439eb21e56b89aa903f2e1c65c60b9d874f9b950e5d"},
    {file = "pydantic_core-2.14.5-cp312-cp312-manylinux_2_17_x86_64.manylinux2014_x86_64.whl", hash = "sha256:cb4679d4c2b089e5ef89756bc73e1926745e995d76e11925e3e96a76d5fa51fc"},
    {file = "pydantic_core-2.14.5-cp312-cp312-manylinux_2_5_i686.manylinux1_i686.whl", hash = "sha256:cf9d3fe53b1ee360e2421be95e62ca9b3296bf3f2fb2d3b83ca49ad3f925835e"},
    {file = "pydantic_core-2.14.5-cp312-cp312-musllinux_1_1_aarch64.whl", hash = "sha256:70f4b4851dbb500129681d04cc955be2a90b2248d69273a787dda120d5cf1f69"},
    {file = "pydantic_core-2.14.5-cp312-cp312-musllinux_1_1_x86_64.whl", hash = "sha256:59986de5710ad9613ff61dd9b02bdd2f615f1a7052304b79cc8fa2eb4e336d2d"},
    {file = "pydantic_core-2.14.5-cp312-none-win32.whl", hash = "sha256:699156034181e2ce106c89ddb4b6504c30db8caa86e0c30de47b3e0654543260"},
    {file = "pydantic_core-2.14.5-cp312-none-win_amd64.whl", hash = "sha256:5baab5455c7a538ac7e8bf1feec4278a66436197592a9bed538160a2e7d11e36"},
    {file = "pydantic_core-2.14.5-cp312-none-win_arm64.whl", hash = "sha256:e47e9a08bcc04d20975b6434cc50bf82665fbc751bcce739d04a3120428f3e27"},
    {file = "pydantic_core-2.14.5-cp37-cp37m-macosx_10_7_x86_64.whl", hash = "sha256:af36f36538418f3806048f3b242a1777e2540ff9efaa667c27da63d2749dbce0"},
    {file = "pydantic_core-2.14.5-cp37-cp37m-macosx_11_0_arm64.whl", hash = "sha256:45e95333b8418ded64745f14574aa9bfc212cb4fbeed7a687b0c6e53b5e188cd"},
    {file = "pydantic_core-2.14.5-cp37-cp37m-manylinux_2_17_aarch64.manylinux2014_aarch64.whl", hash = "sha256:4e47a76848f92529879ecfc417ff88a2806438f57be4a6a8bf2961e8f9ca9ec7"},
    {file = "pydantic_core-2.14.5-cp37-cp37m-manylinux_2_17_armv7l.manylinux2014_armv7l.whl", hash = "sha256:d81e6987b27bc7d101c8597e1cd2bcaa2fee5e8e0f356735c7ed34368c471550"},
    {file = "pydantic_core-2.14.5-cp37-cp37m-manylinux_2_17_ppc64le.manylinux2014_ppc64le.whl", hash = "sha256:34708cc82c330e303f4ce87758828ef6e457681b58ce0e921b6e97937dd1e2a3"},
    {file = "pydantic_core-2.14.5-cp37-cp37m-manylinux_2_17_s390x.manylinux2014_s390x.whl", hash = "sha256:652c1988019752138b974c28f43751528116bcceadad85f33a258869e641d753"},
    {file = "pydantic_core-2.14.5-cp37-cp37m-manylinux_2_17_x86_64.manylinux2014_x86_64.whl", hash = "sha256:6e4d090e73e0725b2904fdbdd8d73b8802ddd691ef9254577b708d413bf3006e"},
    {file = "pydantic_core-2.14.5-cp37-cp37m-manylinux_2_5_i686.manylinux1_i686.whl", hash = "sha256:5c7d5b5005f177764e96bd584d7bf28d6e26e96f2a541fdddb934c486e36fd59"},
    {file = "pydantic_core-2.14.5-cp37-cp37m-musllinux_1_1_aarch64.whl", hash = "sha256:a71891847f0a73b1b9eb86d089baee301477abef45f7eaf303495cd1473613e4"},
    {file = "pydantic_core-2.14.5-cp37-cp37m-musllinux_1_1_x86_64.whl", hash = "sha256:a717aef6971208f0851a2420b075338e33083111d92041157bbe0e2713b37325"},
    {file = "pydantic_core-2.14.5-cp37-none-win32.whl", hash = "sha256:de790a3b5aa2124b8b78ae5faa033937a72da8efe74b9231698b5a1dd9be3405"},
    {file = "pydantic_core-2.14.5-cp37-none-win_amd64.whl", hash = "sha256:6c327e9cd849b564b234da821236e6bcbe4f359a42ee05050dc79d8ed2a91588"},
    {file = "pydantic_core-2.14.5-cp38-cp38-macosx_10_7_x86_64.whl", hash = "sha256:ef98ca7d5995a82f43ec0ab39c4caf6a9b994cb0b53648ff61716370eadc43cf"},
    {file = "pydantic_core-2.14.5-cp38-cp38-macosx_11_0_arm64.whl", hash = "sha256:c6eae413494a1c3f89055da7a5515f32e05ebc1a234c27674a6956755fb2236f"},
    {file = "pydantic_core-2.14.5-cp38-cp38-manylinux_2_17_aarch64.manylinux2014_aarch64.whl", hash = "sha256:dcf4e6d85614f7a4956c2de5a56531f44efb973d2fe4a444d7251df5d5c4dcfd"},
    {file = "pydantic_core-2.14.5-cp38-cp38-manylinux_2_17_armv7l.manylinux2014_armv7l.whl", hash = "sha256:6637560562134b0e17de333d18e69e312e0458ee4455bdad12c37100b7cad706"},
    {file = "pydantic_core-2.14.5-cp38-cp38-manylinux_2_17_ppc64le.manylinux2014_ppc64le.whl", hash = "sha256:77fa384d8e118b3077cccfcaf91bf83c31fe4dc850b5e6ee3dc14dc3d61bdba1"},
    {file = "pydantic_core-2.14.5-cp38-cp38-manylinux_2_17_s390x.manylinux2014_s390x.whl", hash = "sha256:16e29bad40bcf97aac682a58861249ca9dcc57c3f6be22f506501833ddb8939c"},
    {file = "pydantic_core-2.14.5-cp38-cp38-manylinux_2_17_x86_64.manylinux2014_x86_64.whl", hash = "sha256:531f4b4252fac6ca476fbe0e6f60f16f5b65d3e6b583bc4d87645e4e5ddde331"},
    {file = "pydantic_core-2.14.5-cp38-cp38-manylinux_2_5_i686.manylinux1_i686.whl", hash = "sha256:074f3d86f081ce61414d2dc44901f4f83617329c6f3ab49d2bc6c96948b2c26b"},
    {file = "pydantic_core-2.14.5-cp38-cp38-musllinux_1_1_aarch64.whl", hash = "sha256:c2adbe22ab4babbca99c75c5d07aaf74f43c3195384ec07ccbd2f9e3bddaecec"},
    {file = "pydantic_core-2.14.5-cp38-cp38-musllinux_1_1_x86_64.whl", hash = "sha256:0f6116a558fd06d1b7c2902d1c4cf64a5bd49d67c3540e61eccca93f41418124"},
    {file = "pydantic_core-2.14.5-cp38-none-win32.whl", hash = "sha256:fe0a5a1025eb797752136ac8b4fa21aa891e3d74fd340f864ff982d649691867"},
    {file = "pydantic_core-2.14.5-cp38-none-win_amd64.whl", hash = "sha256:079206491c435b60778cf2b0ee5fd645e61ffd6e70c47806c9ed51fc75af078d"},
    {file = "pydantic_core-2.14.5-cp39-cp39-macosx_10_7_x86_64.whl", hash = "sha256:a6a16f4a527aae4f49c875da3cdc9508ac7eef26e7977952608610104244e1b7"},
    {file = "pydantic_core-2.14.5-cp39-cp39-macosx_11_0_arm64.whl", hash = "sha256:abf058be9517dc877227ec3223f0300034bd0e9f53aebd63cf4456c8cb1e0863"},
    {file = "pydantic_core-2.14.5-cp39-cp39-manylinux_2_17_aarch64.manylinux2014_aarch64.whl", hash = "sha256:49b08aae5013640a3bfa25a8eebbd95638ec3f4b2eaf6ed82cf0c7047133f03b"},
    {file = "pydantic_core-2.14.5-cp39-cp39-manylinux_2_17_armv7l.manylinux2014_armv7l.whl", hash = "sha256:c2d97e906b4ff36eb464d52a3bc7d720bd6261f64bc4bcdbcd2c557c02081ed2"},
    {file = "pydantic_core-2.14.5-cp39-cp39-manylinux_2_17_ppc64le.manylinux2014_ppc64le.whl", hash = "sha256:3128e0bbc8c091ec4375a1828d6118bc20404883169ac95ffa8d983b293611e6"},
    {file = "pydantic_core-2.14.5-cp39-cp39-manylinux_2_17_s390x.manylinux2014_s390x.whl", hash = "sha256:88e74ab0cdd84ad0614e2750f903bb0d610cc8af2cc17f72c28163acfcf372a4"},
    {file = "pydantic_core-2.14.5-cp39-cp39-manylinux_2_17_x86_64.manylinux2014_x86_64.whl", hash = "sha256:c339dabd8ee15f8259ee0f202679b6324926e5bc9e9a40bf981ce77c038553db"},
    {file = "pydantic_core-2.14.5-cp39-cp39-manylinux_2_5_i686.manylinux1_i686.whl", hash = "sha256:3387277f1bf659caf1724e1afe8ee7dbc9952a82d90f858ebb931880216ea955"},
    {file = "pydantic_core-2.14.5-cp39-cp39-musllinux_1_1_aarch64.whl", hash = "sha256:ba6b6b3846cfc10fdb4c971980a954e49d447cd215ed5a77ec8190bc93dd7bc5"},
    {file = "pydantic_core-2.14.5-cp39-cp39-musllinux_1_1_x86_64.whl", hash = "sha256:ca61d858e4107ce5e1330a74724fe757fc7135190eb5ce5c9d0191729f033209"},
    {file = "pydantic_core-2.14.5-cp39-none-win32.whl", hash = "sha256:ec1e72d6412f7126eb7b2e3bfca42b15e6e389e1bc88ea0069d0cc1742f477c6"},
    {file = "pydantic_core-2.14.5-cp39-none-win_amd64.whl", hash = "sha256:c0b97ec434041827935044bbbe52b03d6018c2897349670ff8fe11ed24d1d4ab"},
    {file = "pydantic_core-2.14.5-pp310-pypy310_pp73-macosx_10_7_x86_64.whl", hash = "sha256:79e0a2cdbdc7af3f4aee3210b1172ab53d7ddb6a2d8c24119b5706e622b346d0"},
    {file = "pydantic_core-2.14.5-pp310-pypy310_pp73-macosx_11_0_arm64.whl", hash = "sha256:678265f7b14e138d9a541ddabbe033012a2953315739f8cfa6d754cc8063e8ca"},
    {file = "pydantic_core-2.14.5-pp310-pypy310_pp73-manylinux_2_17_aarch64.manylinux2014_aarch64.whl", hash = "sha256:95b15e855ae44f0c6341ceb74df61b606e11f1087e87dcb7482377374aac6abe"},
    {file = "pydantic_core-2.14.5-pp310-pypy310_pp73-manylinux_2_17_x86_64.manylinux2014_x86_64.whl", hash = "sha256:09b0e985fbaf13e6b06a56d21694d12ebca6ce5414b9211edf6f17738d82b0f8"},
    {file = "pydantic_core-2.14.5-pp310-pypy310_pp73-manylinux_2_5_i686.manylinux1_i686.whl", hash = "sha256:3ad873900297bb36e4b6b3f7029d88ff9829ecdc15d5cf20161775ce12306f8a"},
    {file = "pydantic_core-2.14.5-pp310-pypy310_pp73-musllinux_1_1_aarch64.whl", hash = "sha256:2d0ae0d8670164e10accbeb31d5ad45adb71292032d0fdb9079912907f0085f4"},
    {file = "pydantic_core-2.14.5-pp310-pypy310_pp73-musllinux_1_1_x86_64.whl", hash = "sha256:d37f8ec982ead9ba0a22a996129594938138a1503237b87318392a48882d50b7"},
    {file = "pydantic_core-2.14.5-pp310-pypy310_pp73-win_amd64.whl", hash = "sha256:35613015f0ba7e14c29ac6c2483a657ec740e5ac5758d993fdd5870b07a61d8b"},
    {file = "pydantic_core-2.14.5-pp37-pypy37_pp73-macosx_10_7_x86_64.whl", hash = "sha256:ab4ea451082e684198636565224bbb179575efc1658c48281b2c866bfd4ddf04"},
    {file = "pydantic_core-2.14.5-pp37-pypy37_pp73-manylinux_2_17_aarch64.manylinux2014_aarch64.whl", hash = "sha256:4ce601907e99ea5b4adb807ded3570ea62186b17f88e271569144e8cca4409c7"},
    {file = "pydantic_core-2.14.5-pp37-pypy37_pp73-manylinux_2_17_x86_64.manylinux2014_x86_64.whl", hash = "sha256:fb2ed8b3fe4bf4506d6dab3b93b83bbc22237e230cba03866d561c3577517d18"},
    {file = "pydantic_core-2.14.5-pp37-pypy37_pp73-manylinux_2_5_i686.manylinux1_i686.whl", hash = "sha256:70f947628e074bb2526ba1b151cee10e4c3b9670af4dbb4d73bc8a89445916b5"},
    {file = "pydantic_core-2.14.5-pp37-pypy37_pp73-musllinux_1_1_aarch64.whl", hash = "sha256:4bc536201426451f06f044dfbf341c09f540b4ebdb9fd8d2c6164d733de5e634"},
    {file = "pydantic_core-2.14.5-pp37-pypy37_pp73-musllinux_1_1_x86_64.whl", hash = "sha256:f4791cf0f8c3104ac668797d8c514afb3431bc3305f5638add0ba1a5a37e0d88"},
    {file = "pydantic_core-2.14.5-pp38-pypy38_pp73-macosx_10_7_x86_64.whl", hash = "sha256:038c9f763e650712b899f983076ce783175397c848da04985658e7628cbe873b"},
    {file = "pydantic_core-2.14.5-pp38-pypy38_pp73-macosx_11_0_arm64.whl", hash = "sha256:27548e16c79702f1e03f5628589c6057c9ae17c95b4c449de3c66b589ead0520"},
    {file = "pydantic_core-2.14.5-pp38-pypy38_pp73-manylinux_2_17_aarch64.manylinux2014_aarch64.whl", hash = "sha256:c97bee68898f3f4344eb02fec316db93d9700fb1e6a5b760ffa20d71d9a46ce3"},
    {file = "pydantic_core-2.14.5-pp38-pypy38_pp73-manylinux_2_17_x86_64.manylinux2014_x86_64.whl", hash = "sha256:b9b759b77f5337b4ea024f03abc6464c9f35d9718de01cfe6bae9f2e139c397e"},
    {file = "pydantic_core-2.14.5-pp38-pypy38_pp73-manylinux_2_5_i686.manylinux1_i686.whl", hash = "sha256:439c9afe34638ace43a49bf72d201e0ffc1a800295bed8420c2a9ca8d5e3dbb3"},
    {file = "pydantic_core-2.14.5-pp38-pypy38_pp73-musllinux_1_1_aarch64.whl", hash = "sha256:ba39688799094c75ea8a16a6b544eb57b5b0f3328697084f3f2790892510d144"},
    {file = "pydantic_core-2.14.5-pp38-pypy38_pp73-musllinux_1_1_x86_64.whl", hash = "sha256:ccd4d5702bb90b84df13bd491be8d900b92016c5a455b7e14630ad7449eb03f8"},
    {file = "pydantic_core-2.14.5-pp38-pypy38_pp73-win_amd64.whl", hash = "sha256:81982d78a45d1e5396819bbb4ece1fadfe5f079335dd28c4ab3427cd95389944"},
    {file = "pydantic_core-2.14.5-pp39-pypy39_pp73-macosx_10_7_x86_64.whl", hash = "sha256:7f8210297b04e53bc3da35db08b7302a6a1f4889c79173af69b72ec9754796b8"},
    {file = "pydantic_core-2.14.5-pp39-pypy39_pp73-macosx_11_0_arm64.whl", hash = "sha256:8c8a8812fe6f43a3a5b054af6ac2d7b8605c7bcab2804a8a7d68b53f3cd86e00"},
    {file = "pydantic_core-2.14.5-pp39-pypy39_pp73-manylinux_2_17_aarch64.manylinux2014_aarch64.whl", hash = "sha256:206ed23aecd67c71daf5c02c3cd19c0501b01ef3cbf7782db9e4e051426b3d0d"},
    {file = "pydantic_core-2.14.5-pp39-pypy39_pp73-manylinux_2_17_x86_64.manylinux2014_x86_64.whl", hash = "sha256:c2027d05c8aebe61d898d4cffd774840a9cb82ed356ba47a90d99ad768f39789"},
    {file = "pydantic_core-2.14.5-pp39-pypy39_pp73-manylinux_2_5_i686.manylinux1_i686.whl", hash = "sha256:40180930807ce806aa71eda5a5a5447abb6b6a3c0b4b3b1b1962651906484d68"},
    {file = "pydantic_core-2.14.5-pp39-pypy39_pp73-musllinux_1_1_aarch64.whl", hash = "sha256:615a0a4bff11c45eb3c1996ceed5bdaa2f7b432425253a7c2eed33bb86d80abc"},
    {file = "pydantic_core-2.14.5-pp39-pypy39_pp73-musllinux_1_1_x86_64.whl", hash = "sha256:f5e412d717366e0677ef767eac93566582518fe8be923361a5c204c1a62eaafe"},
    {file = "pydantic_core-2.14.5-pp39-pypy39_pp73-win_amd64.whl", hash = "sha256:513b07e99c0a267b1d954243845d8a833758a6726a3b5d8948306e3fe14675e3"},
    {file = "pydantic_core-2.14.5.tar.gz", hash = "sha256:6d30226dfc816dd0fdf120cae611dd2215117e4f9b124af8c60ab9093b6e8e71"},
]

[package.dependencies]
typing-extensions = ">=4.6.0,<4.7.0 || >4.7.0"

[[package]]
name = "python-multipart"
version = "0.0.6"
description = "A streaming multipart parser for Python"
category = "main"
optional = false
python-versions = ">=3.7"
files = [
    {file = "python_multipart-0.0.6-py3-none-any.whl", hash = "sha256:ee698bab5ef148b0a760751c261902cd096e57e10558e11aca17646b74ee1c18"},
    {file = "python_multipart-0.0.6.tar.gz", hash = "sha256:e9925a80bb668529f1b67c7fdb0a5dacdd7cbfc6fb0bff3ea443fe22bdd62132"},
]

[package.extras]
dev = ["atomicwrites (==1.2.1)", "attrs (==19.2.0)", "coverage (==6.5.0)", "hatch", "invoke (==1.7.3)", "more-itertools (==4.3.0)", "pbr (==4.3.0)", "pluggy (==1.0.0)", "py (==1.11.0)", "pytest (==7.2.0)", "pytest-cov (==4.0.0)", "pytest-timeout (==2.1.0)", "pyyaml (==5.1)"]

[[package]]
name = "sniffio"
version = "1.3.0"
description = "Sniff out which async library your code is running under"
category = "main"
optional = false
python-versions = ">=3.7"
files = [
    {file = "sniffio-1.3.0-py3-none-any.whl", hash = "sha256:eecefdce1e5bbfb7ad2eeaabf7c1eeb404d7757c379bd1f7e5cce9d8bf425384"},
    {file = "sniffio-1.3.0.tar.gz", hash = "sha256:e60305c5e5d314f5389259b7f22aaa33d8f7dee49763119234af3755c55b9101"},
]

[[package]]
name = "starlette"
version = "0.27.0"
description = "The little ASGI library that shines."
category = "main"
optional = false
python-versions = ">=3.7"
files = [
    {file = "starlette-0.27.0-py3-none-any.whl", hash = "sha256:918416370e846586541235ccd38a474c08b80443ed31c578a418e2209b3eef91"},
    {file = "starlette-0.27.0.tar.gz", hash = "sha256:6a6b0d042acb8d469a01eba54e9cda6cbd24ac602c4cd016723117d6a7e73b75"},
]

[package.dependencies]
anyio = ">=3.4.0,<5"
typing-extensions = {version = ">=3.10.0", markers = "python_version < \"3.10\""}

[package.extras]
full = ["httpx (>=0.22.0)", "itsdangerous", "jinja2", "python-multipart", "pyyaml"]

[[package]]
name = "typing-extensions"
version = "4.8.0"
description = "Backported and Experimental Type Hints for Python 3.8+"
category = "main"
optional = false
python-versions = ">=3.8"
files = [
    {file = "typing_extensions-4.8.0-py3-none-any.whl", hash = "sha256:8f92fc8806f9a6b641eaa5318da32b44d401efaac0f6678c9bc448ba3605faa0"},
    {file = "typing_extensions-4.8.0.tar.gz", hash = "sha256:df8e4339e9cb77357558cbdbceca33c303714cf861d1eef15e1070055ae8b7ef"},
]

[[package]]
name = "uvicorn"
version = "0.11.8"
description = "The lightning-fast ASGI server."
category = "main"
optional = false
python-versions = "*"
files = [
    {file = "uvicorn-0.11.8-py3-none-any.whl", hash = "sha256:4b70ddb4c1946e39db9f3082d53e323dfd50634b95fd83625d778729ef1730ef"},
    {file = "uvicorn-0.11.8.tar.gz", hash = "sha256:46a83e371f37ea7ff29577d00015f02c942410288fb57def6440f2653fff1d26"},
]

[package.dependencies]
click = ">=7.0.0,<8.0.0"
h11 = ">=0.8,<0.10"
httptools = {version = ">=0.1.0,<0.2.0", markers = "sys_platform != \"win32\" and sys_platform != \"cygwin\" and platform_python_implementation != \"PyPy\""}
uvloop = {version = ">=0.14.0", markers = "sys_platform != \"win32\" and sys_platform != \"cygwin\" and platform_python_implementation != \"PyPy\""}
websockets = ">=8.0.0,<9.0.0"

[package.extras]
watchgodreload = ["watchgod (>=0.6,<0.7)"]

[[package]]
name = "uvloop"
version = "0.19.0"
description = "Fast implementation of asyncio event loop on top of libuv"
category = "main"
optional = false
python-versions = ">=3.8.0"
files = [
    {file = "uvloop-0.19.0-cp310-cp310-macosx_10_9_universal2.whl", hash = "sha256:de4313d7f575474c8f5a12e163f6d89c0a878bc49219641d49e6f1444369a90e"},
    {file = "uvloop-0.19.0-cp310-cp310-macosx_10_9_x86_64.whl", hash = "sha256:5588bd21cf1fcf06bded085f37e43ce0e00424197e7c10e77afd4bbefffef428"},
    {file = "uvloop-0.19.0-cp310-cp310-manylinux_2_17_aarch64.manylinux2014_aarch64.whl", hash = "sha256:7b1fd71c3843327f3bbc3237bedcdb6504fd50368ab3e04d0410e52ec293f5b8"},
    {file = "uvloop-0.19.0-cp310-cp310-manylinux_2_17_x86_64.manylinux2014_x86_64.whl", hash = "sha256:5a05128d315e2912791de6088c34136bfcdd0c7cbc1cf85fd6fd1bb321b7c849"},
    {file = "uvloop-0.19.0-cp310-cp310-musllinux_1_1_aarch64.whl", hash = "sha256:cd81bdc2b8219cb4b2556eea39d2e36bfa375a2dd021404f90a62e44efaaf957"},
    {file = "uvloop-0.19.0-cp310-cp310-musllinux_1_1_x86_64.whl", hash = "sha256:5f17766fb6da94135526273080f3455a112f82570b2ee5daa64d682387fe0dcd"},
    {file = "uvloop-0.19.0-cp311-cp311-macosx_10_9_universal2.whl", hash = "sha256:4ce6b0af8f2729a02a5d1575feacb2a94fc7b2e983868b009d51c9a9d2149bef"},
    {file = "uvloop-0.19.0-cp311-cp311-macosx_10_9_x86_64.whl", hash = "sha256:31e672bb38b45abc4f26e273be83b72a0d28d074d5b370fc4dcf4c4eb15417d2"},
    {file = "uvloop-0.19.0-cp311-cp311-manylinux_2_17_aarch64.manylinux2014_aarch64.whl", hash = "sha256:570fc0ed613883d8d30ee40397b79207eedd2624891692471808a95069a007c1"},
    {file = "uvloop-0.19.0-cp311-cp311-manylinux_2_17_x86_64.manylinux2014_x86_64.whl", hash = "sha256:5138821e40b0c3e6c9478643b4660bd44372ae1e16a322b8fc07478f92684e24"},
    {file = "uvloop-0.19.0-cp311-cp311-musllinux_1_1_aarch64.whl", hash = "sha256:91ab01c6cd00e39cde50173ba4ec68a1e578fee9279ba64f5221810a9e786533"},
    {file = "uvloop-0.19.0-cp311-cp311-musllinux_1_1_x86_64.whl", hash = "sha256:47bf3e9312f63684efe283f7342afb414eea4d3011542155c7e625cd799c3b12"},
    {file = "uvloop-0.19.0-cp312-cp312-macosx_10_9_universal2.whl", hash = "sha256:da8435a3bd498419ee8c13c34b89b5005130a476bda1d6ca8cfdde3de35cd650"},
    {file = "uvloop-0.19.0-cp312-cp312-macosx_10_9_x86_64.whl", hash = "sha256:02506dc23a5d90e04d4f65c7791e65cf44bd91b37f24cfc3ef6cf2aff05dc7ec"},
    {file = "uvloop-0.19.0-cp312-cp312-manylinux_2_17_aarch64.manylinux2014_aarch64.whl", hash = "sha256:2693049be9d36fef81741fddb3f441673ba12a34a704e7b4361efb75cf30befc"},
    {file = "uvloop-0.19.0-cp312-cp312-manylinux_2_17_x86_64.manylinux2014_x86_64.whl", hash = "sha256:7010271303961c6f0fe37731004335401eb9075a12680738731e9c92ddd96ad6"},
    {file = "uvloop-0.19.0-cp312-cp312-musllinux_1_1_aarch64.whl", hash = "sha256:5daa304d2161d2918fa9a17d5635099a2f78ae5b5960e742b2fcfbb7aefaa593"},
    {file = "uvloop-0.19.0-cp312-cp312-musllinux_1_1_x86_64.whl", hash = "sha256:7207272c9520203fea9b93843bb775d03e1cf88a80a936ce760f60bb5add92f3"},
    {file = "uvloop-0.19.0-cp38-cp38-macosx_10_9_universal2.whl", hash = "sha256:78ab247f0b5671cc887c31d33f9b3abfb88d2614b84e4303f1a63b46c046c8bd"},
    {file = "uvloop-0.19.0-cp38-cp38-macosx_10_9_x86_64.whl", hash = "sha256:472d61143059c84947aa8bb74eabbace30d577a03a1805b77933d6bd13ddebbd"},
    {file = "uvloop-0.19.0-cp38-cp38-manylinux_2_17_aarch64.manylinux2014_aarch64.whl", hash = "sha256:45bf4c24c19fb8a50902ae37c5de50da81de4922af65baf760f7c0c42e1088be"},
    {file = "uvloop-0.19.0-cp38-cp38-manylinux_2_17_x86_64.manylinux2014_x86_64.whl", hash = "sha256:271718e26b3e17906b28b67314c45d19106112067205119dddbd834c2b7ce797"},
    {file = "uvloop-0.19.0-cp38-cp38-musllinux_1_1_aarch64.whl", hash = "sha256:34175c9fd2a4bc3adc1380e1261f60306344e3407c20a4d684fd5f3be010fa3d"},
    {file = "uvloop-0.19.0-cp38-cp38-musllinux_1_1_x86_64.whl", hash = "sha256:e27f100e1ff17f6feeb1f33968bc185bf8ce41ca557deee9d9bbbffeb72030b7"},
    {file = "uvloop-0.19.0-cp39-cp39-macosx_10_9_universal2.whl", hash = "sha256:13dfdf492af0aa0a0edf66807d2b465607d11c4fa48f4a1fd41cbea5b18e8e8b"},
    {file = "uvloop-0.19.0-cp39-cp39-macosx_10_9_x86_64.whl", hash = "sha256:6e3d4e85ac060e2342ff85e90d0c04157acb210b9ce508e784a944f852a40e67"},
    {file = "uvloop-0.19.0-cp39-cp39-manylinux_2_17_aarch64.manylinux2014_aarch64.whl", hash = "sha256:8ca4956c9ab567d87d59d49fa3704cf29e37109ad348f2d5223c9bf761a332e7"},
    {file = "uvloop-0.19.0-cp39-cp39-manylinux_2_17_x86_64.manylinux2014_x86_64.whl", hash = "sha256:f467a5fd23b4fc43ed86342641f3936a68ded707f4627622fa3f82a120e18256"},
    {file = "uvloop-0.19.0-cp39-cp39-musllinux_1_1_aarch64.whl", hash = "sha256:492e2c32c2af3f971473bc22f086513cedfc66a130756145a931a90c3958cb17"},
    {file = "uvloop-0.19.0-cp39-cp39-musllinux_1_1_x86_64.whl", hash = "sha256:2df95fca285a9f5bfe730e51945ffe2fa71ccbfdde3b0da5772b4ee4f2e770d5"},
    {file = "uvloop-0.19.0.tar.gz", hash = "sha256:0246f4fd1bf2bf702e06b0d45ee91677ee5c31242f39aab4ea6fe0c51aedd0fd"},
]

[package.extras]
docs = ["Sphinx (>=4.1.2,<4.2.0)", "sphinx-rtd-theme (>=0.5.2,<0.6.0)", "sphinxcontrib-asyncio (>=0.3.0,<0.4.0)"]
test = ["Cython (>=0.29.36,<0.30.0)", "aiohttp (==3.9.0b0)", "aiohttp (>=3.8.1)", "flake8 (>=5.0,<6.0)", "mypy (>=0.800)", "psutil", "pyOpenSSL (>=23.0.0,<23.1.0)", "pycodestyle (>=2.9.0,<2.10.0)"]

[[package]]
name = "websockets"
version = "8.1"
description = "An implementation of the WebSocket Protocol (RFC 6455 & 7692)"
category = "main"
optional = false
python-versions = ">=3.6.1"
files = [
    {file = "websockets-8.1-cp36-cp36m-macosx_10_6_intel.whl", hash = "sha256:3762791ab8b38948f0c4d281c8b2ddfa99b7e510e46bd8dfa942a5fff621068c"},
    {file = "websockets-8.1-cp36-cp36m-manylinux1_i686.whl", hash = "sha256:3db87421956f1b0779a7564915875ba774295cc86e81bc671631379371af1170"},
    {file = "websockets-8.1-cp36-cp36m-manylinux1_x86_64.whl", hash = "sha256:4f9f7d28ce1d8f1295717c2c25b732c2bc0645db3215cf757551c392177d7cb8"},
    {file = "websockets-8.1-cp36-cp36m-manylinux2010_i686.whl", hash = "sha256:295359a2cc78736737dd88c343cd0747546b2174b5e1adc223824bcaf3e164cb"},
    {file = "websockets-8.1-cp36-cp36m-manylinux2010_x86_64.whl", hash = "sha256:1d3f1bf059d04a4e0eb4985a887d49195e15ebabc42364f4eb564b1d065793f5"},
    {file = "websockets-8.1-cp36-cp36m-win32.whl", hash = "sha256:2db62a9142e88535038a6bcfea70ef9447696ea77891aebb730a333a51ed559a"},
    {file = "websockets-8.1-cp36-cp36m-win_amd64.whl", hash = "sha256:0e4fb4de42701340bd2353bb2eee45314651caa6ccee80dbd5f5d5978888fed5"},
    {file = "websockets-8.1-cp37-cp37m-macosx_10_6_intel.whl", hash = "sha256:9b248ba3dd8a03b1a10b19efe7d4f7fa41d158fdaa95e2cf65af5a7b95a4f989"},
    {file = "websockets-8.1-cp37-cp37m-manylinux1_i686.whl", hash = "sha256:ce85b06a10fc65e6143518b96d3dca27b081a740bae261c2fb20375801a9d56d"},
    {file = "websockets-8.1-cp37-cp37m-manylinux1_x86_64.whl", hash = "sha256:965889d9f0e2a75edd81a07592d0ced54daa5b0785f57dc429c378edbcffe779"},
    {file = "websockets-8.1-cp37-cp37m-manylinux2010_i686.whl", hash = "sha256:751a556205d8245ff94aeef23546a1113b1dd4f6e4d102ded66c39b99c2ce6c8"},
    {file = "websockets-8.1-cp37-cp37m-manylinux2010_x86_64.whl", hash = "sha256:3ef56fcc7b1ff90de46ccd5a687bbd13a3180132268c4254fc0fa44ecf4fc422"},
    {file = "websockets-8.1-cp37-cp37m-win32.whl", hash = "sha256:7ff46d441db78241f4c6c27b3868c9ae71473fe03341340d2dfdbe8d79310acc"},
    {file = "websockets-8.1-cp37-cp37m-win_amd64.whl", hash = "sha256:20891f0dddade307ffddf593c733a3fdb6b83e6f9eef85908113e628fa5a8308"},
    {file = "websockets-8.1-cp38-cp38-macosx_10_9_x86_64.whl", hash = "sha256:c1ec8db4fac31850286b7cd3b9c0e1b944204668b8eb721674916d4e28744092"},
    {file = "websockets-8.1-cp38-cp38-manylinux1_i686.whl", hash = "sha256:5c01fd846263a75bc8a2b9542606927cfad57e7282965d96b93c387622487485"},
    {file = "websockets-8.1-cp38-cp38-manylinux1_x86_64.whl", hash = "sha256:9bef37ee224e104a413f0780e29adb3e514a5b698aabe0d969a6ba426b8435d1"},
    {file = "websockets-8.1-cp38-cp38-manylinux2010_i686.whl", hash = "sha256:d705f8aeecdf3262379644e4b55107a3b55860eb812b673b28d0fbc347a60c55"},
    {file = "websockets-8.1-cp38-cp38-manylinux2010_x86_64.whl", hash = "sha256:c8a116feafdb1f84607cb3b14aa1418424ae71fee131642fc568d21423b51824"},
    {file = "websockets-8.1-cp38-cp38-win32.whl", hash = "sha256:e898a0863421650f0bebac8ba40840fc02258ef4714cb7e1fd76b6a6354bda36"},
    {file = "websockets-8.1-cp38-cp38-win_amd64.whl", hash = "sha256:f8a7bff6e8664afc4e6c28b983845c5bc14965030e3fb98789734d416af77c4b"},
    {file = "websockets-8.1.tar.gz", hash = "sha256:5c65d2da8c6bce0fca2528f69f44b2f977e06954c8512a952222cea50dad430f"},
]

[metadata]
lock-version = "2.0"
python-versions = ">=3.8,<3.12"
content-hash = "bbfea17d4933cb9646dab5b45fc1987f1732e173d0f6454ac10bbcb355174398"
