[[package]]
name = "click"
version = "7.1.2"
description = "Composable command line interface toolkit"
category = "main"
optional = false
python-versions = ">=2.7, !=3.0.*, !=3.1.*, !=3.2.*, !=3.3.*, !=3.4.*"

[[package]]
name = "dnspython"
version = "2.1.0"
description = "DNS toolkit"
category = "main"
optional = false
python-versions = ">=3.6"

[package.extras]
dnssec = ["cryptography (>=2.6)"]
doh = ["requests", "requests-toolbelt"]
idna = ["idna (>=2.1)"]
curio = ["curio (>=1.2)", "sniffio (>=1.1)"]
trio = ["trio (>=0.14.0)", "sniffio (>=1.1)"]

[[package]]
name = "email-validator"
version = "1.1.3"
description = "A robust email syntax and deliverability validation library for Python 2.x/3.x."
category = "main"
optional = false
python-versions = "!=3.0.*,!=3.1.*,!=3.2.*,!=3.3.*,!=3.4.*,>=2.7"

[package.dependencies]
dnspython = ">=1.15.0"
idna = ">=2.0.0"

[[package]]
name = "fastapi"
version = "0.58.1"
description = "FastAPI framework, high performance, easy to learn, fast to code, ready for production"
category = "main"
optional = false
python-versions = ">=3.6"

[package.dependencies]
pydantic = ">=0.32.2,<2.0.0"
starlette = "0.13.4"

[package.extras]
all = ["requests", "aiofiles", "jinja2", "python-multipart", "itsdangerous", "pyyaml", "graphene", "ujson", "orjson", "email-validator", "uvicorn", "async-exit-stack", "async-generator"]
dev = ["pyjwt", "passlib", "autoflake", "flake8", "uvicorn", "graphene"]
doc = ["mkdocs", "mkdocs-material", "markdown-include", "typer", "typer-cli", "pyyaml"]
test = ["pytest (==5.4.3)", "pytest-cov (==2.10.0)", "mypy", "black", "isort", "requests", "email-validator", "sqlalchemy", "peewee", "databases", "orjson", "async-exit-stack", "async-generator", "python-multipart", "aiofiles", "flask"]

[[package]]
name = "h11"
version = "0.9.0"
description = "A pure-Python, bring-your-own-I/O implementation of HTTP/1.1"
category = "main"
optional = false
python-versions = "*"

[[package]]
name = "httptools"
version = "0.1.2"
description = "A collection of framework independent HTTP protocol utils."
category = "main"
optional = false
python-versions = "*"

[package.extras]
test = ["Cython (==0.29.22)"]

[[package]]
name = "idna"
version = "3.2"
description = "Internationalized Domain Names in Applications (IDNA)"
category = "main"
optional = false
python-versions = ">=3.5"

[[package]]
name = "pydantic"
version = "1.4"
description = "Data validation and settings management using python 3.6 type hinting"
category = "main"
optional = false
python-versions = ">=3.6"

[package.dependencies]
email-validator = {version = ">=1.0.3", optional = true, markers = "extra == \"email\""}

[package.extras]
dotenv = ["python-dotenv (>=0.10.4)"]
email = ["email-validator (>=1.0.3)"]
typing_extensions = ["typing-extensions (>=3.7.2)"]

[[package]]
name = "python-multipart"
version = "0.0.5"
description = "A streaming multipart parser for Python"
category = "main"
optional = false
python-versions = "*"

[package.dependencies]
six = ">=1.4.0"

[[package]]
name = "six"
version = "1.16.0"
description = "Python 2 and 3 compatibility utilities"
category = "main"
optional = false
python-versions = ">=2.7, !=3.0.*, !=3.1.*, !=3.2.*"

[[package]]
name = "starlette"
version = "0.13.4"
description = "The little ASGI library that shines."
category = "main"
optional = false
python-versions = ">=3.6"

[package.extras]
full = ["aiofiles", "graphene", "itsdangerous", "jinja2", "python-multipart", "pyyaml", "requests", "ujson"]

[[package]]
name = "uvicorn"
version = "0.11.8"
description = "The lightning-fast ASGI server."
category = "main"
optional = false
python-versions = "*"

[package.dependencies]
click = ">=7.0.0,<8.0.0"
h11 = ">=0.8,<0.10"
httptools = {version = ">=0.1.0,<0.2.0", markers = "sys_platform != \"win32\" and sys_platform != \"cygwin\" and platform_python_implementation != \"PyPy\""}
uvloop = {version = ">=0.14.0", markers = "sys_platform != \"win32\" and sys_platform != \"cygwin\" and platform_python_implementation != \"PyPy\""}
websockets = ">=8.0.0,<9.0.0"

[package.extras]
watchgodreload = ["watchgod (>=0.6,<0.7)"]

[[package]]
name = "uvloop"
version = "0.15.2"
description = "Fast implementation of asyncio event loop on top of libuv"
category = "main"
optional = false
python-versions = ">=3.7"

[package.extras]
dev = ["Cython (>=0.29.20,<0.30.0)", "pytest (>=3.6.0)", "Sphinx (>=1.7.3,<1.8.0)", "sphinxcontrib-asyncio (>=0.2.0,<0.3.0)", "sphinx-rtd-theme (>=0.2.4,<0.3.0)", "aiohttp", "flake8 (>=3.8.4,<3.9.0)", "psutil", "pycodestyle (>=2.6.0,<2.7.0)", "pyOpenSSL (>=19.0.0,<19.1.0)", "mypy (>=0.800)"]
docs = ["Sphinx (>=1.7.3,<1.8.0)", "sphinxcontrib-asyncio (>=0.2.0,<0.3.0)", "sphinx-rtd-theme (>=0.2.4,<0.3.0)"]
test = ["aiohttp", "flake8 (>=3.8.4,<3.9.0)", "psutil", "pycodestyle (>=2.6.0,<2.7.0)", "pyOpenSSL (>=19.0.0,<19.1.0)", "mypy (>=0.800)"]

[[package]]
name = "websockets"
version = "8.1"
description = "An implementation of the WebSocket Protocol (RFC 6455 & 7692)"
category = "main"
optional = false
python-versions = ">=3.6.1"

[metadata]
lock-version = "1.1"
python-versions = "^3.8"
content-hash = "041701943493c09b9d0f53238fcac994b8c5148eed058d56f8f0b7405fb14552"

[metadata.files]
click = [
    {file = "click-7.1.2-py2.py3-none-any.whl", hash = "sha256:dacca89f4bfadd5de3d7489b7c8a566eee0d3676333fbb50030263894c38c0dc"},
    {file = "click-7.1.2.tar.gz", hash = "sha256:d2b5255c7c6349bc1bd1e59e08cd12acbbd63ce649f2588755783aa94dfb6b1a"},
]
dnspython = [
    {file = "dnspython-2.1.0-py3-none-any.whl", hash = "sha256:95d12f6ef0317118d2a1a6fc49aac65ffec7eb8087474158f42f26a639135216"},
    {file = "dnspython-2.1.0.zip", hash = "sha256:e4a87f0b573201a0f3727fa18a516b055fd1107e0e5477cded4a2de497df1dd4"},
]
email-validator = [
    {file = "email_validator-1.1.3-py2.py3-none-any.whl", hash = "sha256:5675c8ceb7106a37e40e2698a57c056756bf3f272cfa8682a4f87ebd95d8440b"},
    {file = "email_validator-1.1.3.tar.gz", hash = "sha256:aa237a65f6f4da067119b7df3f13e89c25c051327b2b5b66dc075f33d62480d7"},
]
fastapi = [
    {file = "fastapi-0.58.1-py3-none-any.whl", hash = "sha256:d7499761d5ca901cdf5b6b73018d14729593f8ab1ea22d241f82fa574fc406ad"},
    {file = "fastapi-0.58.1.tar.gz", hash = "sha256:92e59b77eef7d6eaa80b16d275adda06b5f33b12d777e3fc5521b2f7f4718e13"},
]
h11 = [
    {file = "h11-0.9.0-py2.py3-none-any.whl", hash = "sha256:4bc6d6a1238b7615b266ada57e0618568066f57dd6fa967d1290ec9309b2f2f1"},
    {file = "h11-0.9.0.tar.gz", hash = "sha256:33d4bca7be0fa039f4e84d50ab00531047e53d6ee8ffbc83501ea602c169cae1"},
]
httptools = [
    {file = "httptools-0.1.2-cp35-cp35m-macosx_10_14_x86_64.whl", hash = "sha256:1e35aa179b67086cc600a984924a88589b90793c9c1b260152ca4908786e09df"},
    {file = "httptools-0.1.2-cp35-cp35m-manylinux1_x86_64.whl", hash = "sha256:c4111a0a8a00eff1e495d43ea5230aaf64968a48ddba8ea2d5f982efae827404"},
    {file = "httptools-0.1.2-cp36-cp36m-macosx_10_14_x86_64.whl", hash = "sha256:dce59ee45dd6ee6c434346a5ac527c44014326f560866b4b2f414a692ee1aca8"},
    {file = "httptools-0.1.2-cp36-cp36m-manylinux1_x86_64.whl", hash = "sha256:f759717ca1b2ef498c67ba4169c2b33eecf943a89f5329abcff8b89d153eb500"},
    {file = "httptools-0.1.2-cp36-cp36m-win_amd64.whl", hash = "sha256:08b79e09114e6ab5c3dbf560bba2cb2257ea38cdaeaf99b7cb80d8f92622fcd9"},
    {file = "httptools-0.1.2-cp37-cp37m-macosx_10_14_x86_64.whl", hash = "sha256:8fcca4b7efe353b13a24017211334c57d055a6e132c7adffed13a10d28efca57"},
    {file = "httptools-0.1.2-cp37-cp37m-manylinux1_x86_64.whl", hash = "sha256:aebdf0bd7bf7c90ae6b3be458692bf6e9e5b610b501f9f74c7979015a51db4c4"},
    {file = "httptools-0.1.2-cp37-cp37m-win_amd64.whl", hash = "sha256:fbf7ecd31c39728f251b1c095fd27c84e4d21f60a1d079a0333472ff3ae59d34"},
    {file = "httptools-0.1.2-cp38-cp38-macosx_10_14_x86_64.whl", hash = "sha256:c1c63d860749841024951b0a78e4dec6f543d23751ef061d6ab60064c7b8b524"},
    {file = "httptools-0.1.2-cp38-cp38-manylinux1_x86_64.whl", hash = "sha256:fb7199b8fb0c50a22e77260bb59017e0c075fa80cb03bb2c8692de76e7bb7fe7"},
    {file = "httptools-0.1.2-cp38-cp38-win_amd64.whl", hash = "sha256:bda99a5723e7eab355ce57435c70853fc137a65aebf2f1cd4d15d96e2956da7b"},
    {file = "httptools-0.1.2-cp39-cp39-macosx_10_14_x86_64.whl", hash = "sha256:851026bd63ec0af7e7592890d97d15c92b62d9e17094353f19a52c8e2b33710a"},
    {file = "httptools-0.1.2-cp39-cp39-manylinux1_x86_64.whl", hash = "sha256:31629e1f1b89959f8c0927bad12184dc07977dcf71e24f4772934aa490aa199b"},
    {file = "httptools-0.1.2-cp39-cp39-win_amd64.whl", hash = "sha256:9abd788465aa46a0f288bd3a99e53edd184177d6379e2098fd6097bb359ad9d6"},
    {file = "httptools-0.1.2.tar.gz", hash = "sha256:07659649fe6b3948b6490825f89abe5eb1cec79ebfaaa0b4bf30f3f33f3c2ba8"},
]
idna = [
    {file = "idna-3.2-py3-none-any.whl", hash = "sha256:14475042e284991034cb48e06f6851428fb14c4dc953acd9be9a5e95c7b6dd7a"},
    {file = "idna-3.2.tar.gz", hash = "sha256:467fbad99067910785144ce333826c71fb0e63a425657295239737f7ecd125f3"},
]
pydantic = [
    {file = "pydantic-1.4-cp36-cp36m-manylinux1_i686.whl", hash = "sha256:07911aab70f3bc52bb845ce1748569c5e70478ac977e106a150dd9d0465ebf04"},
    {file = "pydantic-1.4-cp36-cp36m-manylinux1_x86_64.whl", hash = "sha256:012c422859bac2e03ab3151ea6624fecf0e249486be7eb8c6ee69c91740c6752"},
    {file = "pydantic-1.4-cp36-cp36m-manylinux2010_i686.whl", hash = "sha256:61d22d36808087d3184ed6ac0d91dd71c533b66addb02e4a9930e1e30833202f"},
    {file = "pydantic-1.4-cp36-cp36m-manylinux2010_x86_64.whl", hash = "sha256:f863456d3d4bf817f2e5248553dee3974c5dc796f48e6ddb599383570f4215ac"},
    {file = "pydantic-1.4-cp37-cp37m-manylinux1_i686.whl", hash = "sha256:bbbed364376f4a0aebb9ea452ff7968b306499a9e74f4db69b28ff2cd4043a11"},
    {file = "pydantic-1.4-cp37-cp37m-manylinux1_x86_64.whl", hash = "sha256:e27559cedbd7f59d2375bfd6eea29a330ea1a5b0589c34d6b4e0d7bec6027bbf"},
    {file = "pydantic-1.4-cp37-cp37m-manylinux2010_i686.whl", hash = "sha256:50e4e948892a6815649ad5a9a9379ad1e5f090f17842ac206535dfaed75c6f2f"},
    {file = "pydantic-1.4-cp37-cp37m-manylinux2010_x86_64.whl", hash = "sha256:8848b4eb458469739126e4c1a202d723dd092e087f8dbe3104371335f87ba5df"},
    {file = "pydantic-1.4-cp38-cp38-manylinux1_i686.whl", hash = "sha256:831a0265a9e3933b3d0f04d1a81bba543bafbe4119c183ff2771871db70524ab"},
    {file = "pydantic-1.4-cp38-cp38-manylinux1_x86_64.whl", hash = "sha256:47b8db7024ba3d46c3d4768535e1cf87b6c8cf92ccd81e76f4e1cb8ee47688b3"},
    {file = "pydantic-1.4-cp38-cp38-manylinux2010_i686.whl", hash = "sha256:51f11c8bbf794a68086540da099aae4a9107447c7a9d63151edbb7d50110cf21"},
    {file = "pydantic-1.4-cp38-cp38-manylinux2010_x86_64.whl", hash = "sha256:6100d7862371115c40be55cc4b8d766a74b1d0dbaf99dbfe72bb4bac0faf89ed"},
    {file = "pydantic-1.4-py36.py37.py38-none-any.whl", hash = "sha256:72184c1421103cca128300120f8f1185fb42a9ea73a1c9845b1c53db8c026a7d"},
    {file = "pydantic-1.4.tar.gz", hash = "sha256:f17ec336e64d4583311249fb179528e9a2c27c8a2eaf590ec6ec2c6dece7cb3f"},
]
python-multipart = [
    {file = "python-multipart-0.0.5.tar.gz", hash = "sha256:f7bb5f611fc600d15fa47b3974c8aa16e93724513b49b5f95c81e6624c83fa43"},
]
six = [
    {file = "six-1.16.0-py2.py3-none-any.whl", hash = "sha256:8abb2f1d86890a2dfb989f9a77cfcfd3e47c2a354b01111771326f8aa26e0254"},
    {file = "six-1.16.0.tar.gz", hash = "sha256:1e61c37477a1626458e36f7b1d82aa5c9b094fa4802892072e49de9c60c4c926"},
]
starlette = [
    {file = "starlette-0.13.4-py3-none-any.whl", hash = "sha256:0fb4b38d22945b46acb880fedee7ee143fd6c0542992501be8c45c0ed737dd1a"},
    {file = "starlette-0.13.4.tar.gz", hash = "sha256:04fe51d86fd9a594d9b71356ed322ccde5c9b448fc716ac74155e5821a922f8d"},
]
uvicorn = [
    {file = "uvicorn-0.11.8-py3-none-any.whl", hash = "sha256:4b70ddb4c1946e39db9f3082d53e323dfd50634b95fd83625d778729ef1730ef"},
    {file = "uvicorn-0.11.8.tar.gz", hash = "sha256:46a83e371f37ea7ff29577d00015f02c942410288fb57def6440f2653fff1d26"},
]
uvloop = [
    {file = "uvloop-0.15.2-cp37-cp37m-macosx_10_14_x86_64.whl", hash = "sha256:19fa1d56c91341318ac5d417e7b61c56e9a41183946cc70c411341173de02c69"},
    {file = "uvloop-0.15.2-cp37-cp37m-manylinux2010_x86_64.whl", hash = "sha256:e5e5f855c9bf483ee6cd1eb9a179b740de80cb0ae2988e3fa22309b78e2ea0e7"},
    {file = "uvloop-0.15.2-cp37-cp37m-manylinux2014_aarch64.whl", hash = "sha256:42eda9f525a208fbc4f7cecd00fa15c57cc57646c76632b3ba2fe005004f051d"},
    {file = "uvloop-0.15.2-cp38-cp38-macosx_10_14_x86_64.whl", hash = "sha256:90e56f17755e41b425ad19a08c41dc358fa7bf1226c0f8e54d4d02d556f7af7c"},
    {file = "uvloop-0.15.2-cp38-cp38-manylinux2010_x86_64.whl", hash = "sha256:7ae39b11a5f4cec1432d706c21ecc62f9e04d116883178b09671aa29c46f7a47"},
    {file = "uvloop-0.15.2-cp38-cp38-manylinux2014_aarch64.whl", hash = "sha256:b45218c99795803fb8bdbc9435ff7f54e3a591b44cd4c121b02fa83affb61c7c"},
    {file = "uvloop-0.15.2-cp39-cp39-macosx_10_14_x86_64.whl", hash = "sha256:114543c84e95df1b4ff546e6e3a27521580466a30127f12172a3278172ad68bc"},
    {file = "uvloop-0.15.2-cp39-cp39-manylinux2010_x86_64.whl", hash = "sha256:44cac8575bf168601424302045234d74e3561fbdbac39b2b54cc1d1d00b70760"},
    {file = "uvloop-0.15.2-cp39-cp39-manylinux2014_aarch64.whl", hash = "sha256:6de130d0cb78985a5d080e323b86c5ecaf3af82f4890492c05981707852f983c"},
    {file = "uvloop-0.15.2.tar.gz", hash = "sha256:2bb0624a8a70834e54dde8feed62ed63b50bad7a1265c40d6403a2ac447bce01"},
]
websockets = [
    {file = "websockets-8.1-cp36-cp36m-macosx_10_6_intel.whl", hash = "sha256:3762791ab8b38948f0c4d281c8b2ddfa99b7e510e46bd8dfa942a5fff621068c"},
    {file = "websockets-8.1-cp36-cp36m-manylinux1_i686.whl", hash = "sha256:3db87421956f1b0779a7564915875ba774295cc86e81bc671631379371af1170"},
    {file = "websockets-8.1-cp36-cp36m-manylinux1_x86_64.whl", hash = "sha256:4f9f7d28ce1d8f1295717c2c25b732c2bc0645db3215cf757551c392177d7cb8"},
    {file = "websockets-8.1-cp36-cp36m-manylinux2010_i686.whl", hash = "sha256:295359a2cc78736737dd88c343cd0747546b2174b5e1adc223824bcaf3e164cb"},
    {file = "websockets-8.1-cp36-cp36m-manylinux2010_x86_64.whl", hash = "sha256:1d3f1bf059d04a4e0eb4985a887d49195e15ebabc42364f4eb564b1d065793f5"},
    {file = "websockets-8.1-cp36-cp36m-win32.whl", hash = "sha256:2db62a9142e88535038a6bcfea70ef9447696ea77891aebb730a333a51ed559a"},
    {file = "websockets-8.1-cp36-cp36m-win_amd64.whl", hash = "sha256:0e4fb4de42701340bd2353bb2eee45314651caa6ccee80dbd5f5d5978888fed5"},
    {file = "websockets-8.1-cp37-cp37m-macosx_10_6_intel.whl", hash = "sha256:9b248ba3dd8a03b1a10b19efe7d4f7fa41d158fdaa95e2cf65af5a7b95a4f989"},
    {file = "websockets-8.1-cp37-cp37m-manylinux1_i686.whl", hash = "sha256:ce85b06a10fc65e6143518b96d3dca27b081a740bae261c2fb20375801a9d56d"},
    {file = "websockets-8.1-cp37-cp37m-manylinux1_x86_64.whl", hash = "sha256:965889d9f0e2a75edd81a07592d0ced54daa5b0785f57dc429c378edbcffe779"},
    {file = "websockets-8.1-cp37-cp37m-manylinux2010_i686.whl", hash = "sha256:751a556205d8245ff94aeef23546a1113b1dd4f6e4d102ded66c39b99c2ce6c8"},
    {file = "websockets-8.1-cp37-cp37m-manylinux2010_x86_64.whl", hash = "sha256:3ef56fcc7b1ff90de46ccd5a687bbd13a3180132268c4254fc0fa44ecf4fc422"},
    {file = "websockets-8.1-cp37-cp37m-win32.whl", hash = "sha256:7ff46d441db78241f4c6c27b3868c9ae71473fe03341340d2dfdbe8d79310acc"},
    {file = "websockets-8.1-cp37-cp37m-win_amd64.whl", hash = "sha256:20891f0dddade307ffddf593c733a3fdb6b83e6f9eef85908113e628fa5a8308"},
    {file = "websockets-8.1-cp38-cp38-macosx_10_9_x86_64.whl", hash = "sha256:c1ec8db4fac31850286b7cd3b9c0e1b944204668b8eb721674916d4e28744092"},
    {file = "websockets-8.1-cp38-cp38-manylinux1_i686.whl", hash = "sha256:5c01fd846263a75bc8a2b9542606927cfad57e7282965d96b93c387622487485"},
    {file = "websockets-8.1-cp38-cp38-manylinux1_x86_64.whl", hash = "sha256:9bef37ee224e104a413f0780e29adb3e514a5b698aabe0d969a6ba426b8435d1"},
    {file = "websockets-8.1-cp38-cp38-manylinux2010_i686.whl", hash = "sha256:d705f8aeecdf3262379644e4b55107a3b55860eb812b673b28d0fbc347a60c55"},
    {file = "websockets-8.1-cp38-cp38-manylinux2010_x86_64.whl", hash = "sha256:c8a116feafdb1f84607cb3b14aa1418424ae71fee131642fc568d21423b51824"},
    {file = "websockets-8.1-cp38-cp38-win32.whl", hash = "sha256:e898a0863421650f0bebac8ba40840fc02258ef4714cb7e1fd76b6a6354bda36"},
    {file = "websockets-8.1-cp38-cp38-win_amd64.whl", hash = "sha256:f8a7bff6e8664afc4e6c28b983845c5bc14965030e3fb98789734d416af77c4b"},
    {file = "websockets-8.1.tar.gz", hash = "sha256:5c65d2da8c6bce0fca2528f69f44b2f977e06954c8512a952222cea50dad430f"},
]
